
Microsoft Visual Studio Solution File, Format Version 12.00
# Visual Studio 15
VisualStudioVersion = 15.0.28307.271
MinimumVisualStudioVersion = 10.0.40219.1
Project("{FAE04EC0-301F-11D3-BF4B-00C04F79EFBC}") = "MyShop.Core", "MyShop.Core\MyShop.Core.csproj", "{70D1B85B-21E7-47D7-B6C2-9DB1F1FA74A6}"
EndProject
Project("{FAE04EC0-301F-11D3-BF4B-00C04F79EFBC}") = "Myshop.Services", "Myshop.Services\Myshop.Services.csproj", "{6F2BD02C-3390-4EC9-B189-7DE08C919C7A}"
EndProject
Project("{FAE04EC0-301F-11D3-BF4B-00C04F79EFBC}") = "MyShop.DataAccess.SQL", "MyShop.DataAccess.SQL\MyShop.DataAccess.SQL.csproj", "{38B700FA-AA0F-4089-90AC-A03C7EDDEBAB}"
EndProject
Project("{FAE04EC0-301F-11D3-BF4B-00C04F79EFBC}") = "MyShop.DataAccess.InMemory", "MyShop.DataAccess.InMemory\MyShop.DataAccess.InMemory.csproj", "{2D307726-843F-47D3-8D7D-FD8B3029FDE3}"
EndProject
Project("{FAE04EC0-301F-11D3-BF4B-00C04F79EFBC}") = "MyShop.WebUI", "MyShop.WebUI\MyShop.WebUI.csproj", "{08ED510B-BC38-4045-BFF8-B1784AA8DD32}"
EndProject
Project("{FAE04EC0-301F-11D3-BF4B-00C04F79EFBC}") = "MyShop.WebUI.Tests", "MyShop.WebUI.Tests\MyShop.WebUI.Tests.csproj", "{80142906-A599-4460-BEF1-CEC1654D1D8A}"
EndProject
Global
	GlobalSection(SolutionConfigurationPlatforms) = preSolution
		Debug|Any CPU = Debug|Any CPU
		Release|Any CPU = Release|Any CPU
	EndGlobalSection
	GlobalSection(ProjectConfigurationPlatforms) = postSolution
		{70D1B85B-21E7-47D7-B6C2-9DB1F1FA74A6}.Debug|Any CPU.ActiveCfg = Debug|Any CPU
		{70D1B85B-21E7-47D7-B6C2-9DB1F1FA74A6}.Debug|Any CPU.Build.0 = Debug|Any CPU
		{70D1B85B-21E7-47D7-B6C2-9DB1F1FA74A6}.Release|Any CPU.ActiveCfg = Release|Any CPU
		{70D1B85B-21E7-47D7-B6C2-9DB1F1FA74A6}.Release|Any CPU.Build.0 = Release|Any CPU
		{6F2BD02C-3390-4EC9-B189-7DE08C919C7A}.Debug|Any CPU.ActiveCfg = Debug|Any CPU
		{6F2BD02C-3390-4EC9-B189-7DE08C919C7A}.Debug|Any CPU.Build.0 = Debug|Any CPU
		{6F2BD02C-3390-4EC9-B189-7DE08C919C7A}.Release|Any CPU.ActiveCfg = Release|Any CPU
		{6F2BD02C-3390-4EC9-B189-7DE08C919C7A}.Release|Any CPU.Build.0 = Release|Any CPU
		{38B700FA-AA0F-4089-90AC-A03C7EDDEBAB}.Debug|Any CPU.ActiveCfg = Debug|Any CPU
		{38B700FA-AA0F-4089-90AC-A03C7EDDEBAB}.Debug|Any CPU.Build.0 = Debug|Any CPU
		{38B700FA-AA0F-4089-90AC-A03C7EDDEBAB}.Release|Any CPU.ActiveCfg = Release|Any CPU
		{38B700FA-AA0F-4089-90AC-A03C7EDDEBAB}.Release|Any CPU.Build.0 = Release|Any CPU
		{2D307726-843F-47D3-8D7D-FD8B3029FDE3}.Debug|Any CPU.ActiveCfg = Debug|Any CPU
		{2D307726-843F-47D3-8D7D-FD8B3029FDE3}.Debug|Any CPU.Build.0 = Debug|Any CPU
		{2D307726-843F-47D3-8D7D-FD8B3029FDE3}.Release|Any CPU.ActiveCfg = Release|Any CPU
		{2D307726-843F-47D3-8D7D-FD8B3029FDE3}.Release|Any CPU.Build.0 = Release|Any CPU
		{08ED510B-BC38-4045-BFF8-B1784AA8DD32}.Debug|Any CPU.ActiveCfg = Debug|Any CPU
		{08ED510B-BC38-4045-BFF8-B1784AA8DD32}.Debug|Any CPU.Build.0 = Debug|Any CPU
		{08ED510B-BC38-4045-BFF8-B1784AA8DD32}.Release|Any CPU.ActiveCfg = Release|Any CPU
		{08ED510B-BC38-4045-BFF8-B1784AA8DD32}.Release|Any CPU.Build.0 = Release|Any CPU
		{80142906-A599-4460-BEF1-CEC1654D1D8A}.Debug|Any CPU.ActiveCfg = Debug|Any CPU
		{80142906-A599-4460-BEF1-CEC1654D1D8A}.Debug|Any CPU.Build.0 = Debug|Any CPU
		{80142906-A599-4460-BEF1-CEC1654D1D8A}.Release|Any CPU.ActiveCfg = Release|Any CPU
		{80142906-A599-4460-BEF1-CEC1654D1D8A}.Release|Any CPU.Build.0 = Release|Any CPU
	EndGlobalSection
	GlobalSection(SolutionProperties) = preSolution
		HideSolutionNode = FALSE
	EndGlobalSection
	GlobalSection(ExtensibilityGlobals) = postSolution
		SolutionGuid = {0F460A03-4FCB-4A96-A9C1-6FCDC4C27A1F}
	EndGlobalSection
EndGlobal
